
Microsoft Visual Studio Solution File, Format Version 12.00
# Visual Studio Version 16
VisualStudioVersion = 16.0.32228.343
MinimumVisualStudioVersion = 10.0.40219.1
Project("{FAE04EC0-301F-11D3-BF4B-00C04F79EFBC}") = "_0311KuzeyyeliMVC", "_0311KuzeyyeliMVC\_0311KuzeyyeliMVC.csproj", "{D97FBB94-DB32-4311-A8C6-302B8BB68C68}"
EndProject
Global
	GlobalSection(SolutionConfigurationPlatforms) = preSolution
		Debug|Any CPU = Debug|Any CPU
		Release|Any CPU = Release|Any CPU
	EndGlobalSection
	GlobalSection(ProjectConfigurationPlatforms) = postSolution
		{D97FBB94-DB32-4311-A8C6-302B8BB68C68}.Debug|Any CPU.ActiveCfg = Debug|Any CPU
		{D97FBB94-DB32-4311-A8C6-302B8BB68C68}.Debug|Any CPU.Build.0 = Debug|Any CPU
		{D97FBB94-DB32-4311-A8C6-302B8BB68C68}.Release|Any CPU.ActiveCfg = Release|Any CPU
		{D97FBB94-DB32-4311-A8C6-302B8BB68C68}.Release|Any CPU.Build.0 = Release|Any CPU
	EndGlobalSection
	GlobalSection(SolutionProperties) = preSolution
		HideSolutionNode = FALSE
	EndGlobalSection
	GlobalSection(ExtensibilityGlobals) = postSolution
		SolutionGuid = {CF22F34E-D049-4849-8A3C-73CEC0D2B2B2}
	EndGlobalSection
EndGlobal
